
Microsoft Visual Studio Solution File, Format Version 12.00
# Visual Studio Version 17
VisualStudioVersion = 17.14.37216.2 d17.14
MinimumVisualStudioVersion = 10.0.40219.1
Project("{888888A0-9F3D-457C-B088-3A5042F75D52}") = "practice-07-code-review_part_2", "practice-07-code-review_part_2.pyproj", "{71C3336B-3702-46CB-AED0-33F66C38E3BB}"
EndProject
Global
	GlobalSection(SolutionConfigurationPlatforms) = preSolution
		Debug|Any CPU = Debug|Any CPU
		Release|Any CPU = Release|Any CPU
	EndGlobalSection
	GlobalSection(ProjectConfigurationPlatforms) = postSolution
		{71C3336B-3702-46CB-AED0-33F66C38E3BB}.Debug|Any CPU.ActiveCfg = Debug|Any CPU
		{71C3336B-3702-46CB-AED0-33F66C38E3BB}.Release|Any CPU.ActiveCfg = Release|Any CPU
	EndGlobalSection
	GlobalSection(SolutionProperties) = preSolution
		HideSolutionNode = FALSE
	EndGlobalSection
	GlobalSection(ExtensibilityGlobals) = postSolution
		SolutionGuid = {98F582DE-29B8-48DE-83F1-BDD96E05357D}
	EndGlobalSection
EndGlobal
